{
  "version": 4,
  "terraform_version": "1.1.9",
  "serial": 12,
  "lineage": "81c2623c-49e5-12c1-ce49-a4366c26a422",
  "outputs": {},
  "resources": [
    {
      "mode": "managed",
      "type": "google_compute_address",
      "name": "static_ip",
      "provider": "provider[\"registry.terraform.io/hashicorp/google\"]",
      "instances": [
        {
          "schema_version": 0,
          "attributes": {
            "address": "35.225.169.167",
            "address_type": "EXTERNAL",
            "creation_timestamp": "2022-05-12T23:22:11.823-07:00",
            "description": "",
            "id": "projects/training-freshers/regions/us-central1/addresses/ipv4new",
            "name": "ipv4new",
            "network": "",
            "network_tier": "PREMIUM",
            "prefix_length": 0,
            "project": "training-freshers",
            "purpose": "",
            "region": "us-central1",
            "self_link": "https://www.googleapis.com/compute/v1/projects/training-freshers/regions/us-central1/addresses/ipv4new",
            "subnetwork": "",
            "timeouts": null,
            "users": []
          },
          "sensitive_attributes": [],
          "private": "eyJlMmJmYjczMC1lY2FhLTExZTYtOGY4OC0zNDM2M2JjN2M0YzAiOnsiY3JlYXRlIjoxMjAwMDAwMDAwMDAwLCJkZWxldGUiOjEyMDAwMDAwMDAwMDB9fQ=="
        }
      ]
    },
    {
      "module": "module.webserver",
      "mode": "data",
      "type": "template_file",
      "name": "file",
      "provider": "provider[\"registry.terraform.io/hashicorp/template\"]",
      "instances": [
        {
          "schema_version": 0,
          "attributes": {
            "filename": null,
            "id": "2d216d708dffe46500d129f8b252f2c1e1a36b78883549606c54c1362cd2f0ea",
            "rendered": " #! /bin/bash\n apt update\n apt -y install apache2\n cat \u003c\u003cEOF \u003e /var/www/html/index.html\n \u003chtml\u003e\u003cbody\u003e\u003cp\u003eLinux startup script added directly.\u003c/p\u003e\u003c/body\u003e\u003c/html\u003e\n",
            "template": " #! /bin/bash\n apt update\n apt -y install apache2\n cat \u003c\u003cEOF \u003e /var/www/html/index.html\n \u003chtml\u003e\u003cbody\u003e\u003cp\u003eLinux startup script added directly.\u003c/p\u003e\u003c/body\u003e\u003c/html\u003e\n",
            "vars": null
          },
          "sensitive_attributes": []
        }
      ]
    },
    {
      "module": "module.webserver",
      "mode": "managed",
      "type": "google_compute_instance",
      "name": "default",
      "provider": "provider[\"registry.terraform.io/hashicorp/google\"]",
      "instances": [
        {
          "schema_version": 6,
          "attributes": {
            "advanced_machine_features": [],
            "allow_stopping_for_update": null,
            "attached_disk": [],
            "boot_disk": [
              {
                "auto_delete": true,
                "device_name": "persistent-disk-0",
                "disk_encryption_key_raw": "",
                "disk_encryption_key_sha256": "",
                "initialize_params": [
                  {
                    "image": "https://www.googleapis.com/compute/v1/projects/debian-cloud/global/images/debian-9-stretch-v20220406",
                    "labels": {},
                    "size": 10,
                    "type": "pd-standard"
                  }
                ],
                "kms_key_self_link": "",
                "mode": "READ_WRITE",
                "source": "https://www.googleapis.com/compute/v1/projects/training-freshers/zones/us-central1-a/disks/testdebian"
              }
            ],
            "can_ip_forward": false,
            "confidential_instance_config": [],
            "cpu_platform": "Intel Broadwell",
            "current_status": "RUNNING",
            "deletion_protection": false,
            "description": "",
            "desired_status": null,
            "enable_display": false,
            "guest_accelerator": [],
            "hostname": "",
            "id": "projects/training-freshers/zones/us-central1-a/instances/testdebian",
            "instance_id": "7441143436055431119",
            "label_fingerprint": "42WmSpB8rSM=",
            "labels": null,
            "machine_type": "e2-micro",
            "metadata": {
              "email": "lohith.negalur@quantiphi.com",
              "name": "debian-test",
              "project": "training-freshers"
            },
            "metadata_fingerprint": "9KW6aYx2z54=",
            "metadata_startup_script": " #! /bin/bash\n apt update\n apt -y install apache2\n cat \u003c\u003cEOF \u003e /var/www/html/index.html\n \u003chtml\u003e\u003cbody\u003e\u003cp\u003eLinux startup script added directly.\u003c/p\u003e\u003c/body\u003e\u003c/html\u003e\n",
            "min_cpu_platform": "",
            "name": "testdebian",
            "network_interface": [
              {
                "access_config": [
                  {
                    "nat_ip": "35.225.169.167",
                    "network_tier": "PREMIUM",
                    "public_ptr_domain_name": ""
                  }
                ],
                "alias_ip_range": [],
                "ipv6_access_config": [],
                "ipv6_access_type": "",
                "name": "nic0",
                "network": "https://www.googleapis.com/compute/v1/projects/training-freshers/global/networks/default",
                "network_ip": "10.128.0.10",
                "nic_type": "",
                "queue_count": 0,
                "stack_type": "IPV4_ONLY",
                "subnetwork": "https://www.googleapis.com/compute/v1/projects/training-freshers/regions/us-central1/subnetworks/default",
                "subnetwork_project": "training-freshers"
              }
            ],
            "project": "training-freshers",
            "reservation_affinity": [],
            "resource_policies": null,
            "scheduling": [
              {
                "automatic_restart": true,
                "min_node_cpus": 0,
                "node_affinities": [],
                "on_host_maintenance": "MIGRATE",
                "preemptible": false,
                "provisioning_model": "STANDARD"
              }
            ],
            "scratch_disk": [],
            "self_link": "https://www.googleapis.com/compute/v1/projects/training-freshers/zones/us-central1-a/instances/testdebian",
            "service_account": [],
            "shielded_instance_config": [],
            "tags": null,
            "tags_fingerprint": "42WmSpB8rSM=",
            "timeouts": null,
            "zone": "us-central1-a"
          },
          "sensitive_attributes": [],
          "private": "eyJlMmJmYjczMC1lY2FhLTExZTYtOGY4OC0zNDM2M2JjN2M0YzAiOnsiY3JlYXRlIjoxMjAwMDAwMDAwMDAwLCJkZWxldGUiOjEyMDAwMDAwMDAwMDAsInVwZGF0ZSI6MTIwMDAwMDAwMDAwMH0sInNjaGVtYV92ZXJzaW9uIjoiNiJ9",
          "dependencies": [
            "google_compute_address.static_ip",
            "module.webserver.data.template_file.file"
          ]
        }
      ]
    }
  ]
}
